
Microsoft Visual Studio Solution File, Format Version 12.00
# Visual Studio Version 17
VisualStudioVersion = 17.9.34616.47
MinimumVisualStudioVersion = 10.0.40219.1
Project("{9A19103F-16F7-4668-BE54-9A1E7A4F7556}") = "Orders.Backend", "..\Orders.Backend\Orders.Backend.csproj", "{EF86A9F9-20F1-4487-9E01-3B9DF08F37CE}"
EndProject
Project("{9A19103F-16F7-4668-BE54-9A1E7A4F7556}") = "Orders.FrontEnd", "..\Orders.FrontEnd\Orders.FrontEnd.csproj", "{A6C84CCA-F070-462C-98B6-CF96378E1F89}"
EndProject
Project("{9A19103F-16F7-4668-BE54-9A1E7A4F7556}") = "Orders.Shared", "..\Orders.Shared\Orders.Shared.csproj", "{578DBC6F-A351-47DB-8942-1692EA83D747}"
EndProject
Project("{9A19103F-16F7-4668-BE54-9A1E7A4F7556}") = "Orders.Test", "..\Orders.Test\Orders.Test.csproj", "{A72B8C7E-E543-47EC-A267-90C33049E31F}"
EndProject
Global
	GlobalSection(SolutionConfigurationPlatforms) = preSolution
		Debug|Any CPU = Debug|Any CPU
		Release|Any CPU = Release|Any CPU
	EndGlobalSection
	GlobalSection(ProjectConfigurationPlatforms) = postSolution
		{EF86A9F9-20F1-4487-9E01-3B9DF08F37CE}.Debug|Any CPU.ActiveCfg = Debug|Any CPU
		{EF86A9F9-20F1-4487-9E01-3B9DF08F37CE}.Debug|Any CPU.Build.0 = Debug|Any CPU
		{EF86A9F9-20F1-4487-9E01-3B9DF08F37CE}.Release|Any CPU.ActiveCfg = Release|Any CPU
		{EF86A9F9-20F1-4487-9E01-3B9DF08F37CE}.Release|Any CPU.Build.0 = Release|Any CPU
		{A6C84CCA-F070-462C-98B6-CF96378E1F89}.Debug|Any CPU.ActiveCfg = Debug|Any CPU
		{A6C84CCA-F070-462C-98B6-CF96378E1F89}.Debug|Any CPU.Build.0 = Debug|Any CPU
		{A6C84CCA-F070-462C-98B6-CF96378E1F89}.Release|Any CPU.ActiveCfg = Release|Any CPU
		{A6C84CCA-F070-462C-98B6-CF96378E1F89}.Release|Any CPU.Build.0 = Release|Any CPU
		{578DBC6F-A351-47DB-8942-1692EA83D747}.Debug|Any CPU.ActiveCfg = Debug|Any CPU
		{578DBC6F-A351-47DB-8942-1692EA83D747}.Debug|Any CPU.Build.0 = Debug|Any CPU
		{578DBC6F-A351-47DB-8942-1692EA83D747}.Release|Any CPU.ActiveCfg = Release|Any CPU
		{578DBC6F-A351-47DB-8942-1692EA83D747}.Release|Any CPU.Build.0 = Release|Any CPU
		{A72B8C7E-E543-47EC-A267-90C33049E31F}.Debug|Any CPU.ActiveCfg = Debug|Any CPU
		{A72B8C7E-E543-47EC-A267-90C33049E31F}.Debug|Any CPU.Build.0 = Debug|Any CPU
		{A72B8C7E-E543-47EC-A267-90C33049E31F}.Release|Any CPU.ActiveCfg = Release|Any CPU
		{A72B8C7E-E543-47EC-A267-90C33049E31F}.Release|Any CPU.Build.0 = Release|Any CPU
	EndGlobalSection
	GlobalSection(SolutionProperties) = preSolution
		HideSolutionNode = FALSE
	EndGlobalSection
	GlobalSection(ExtensibilityGlobals) = postSolution
		SolutionGuid = {E1975429-C6BE-4B2C-B19A-282F7A5BC2C1}
	EndGlobalSection
EndGlobal
